
Microsoft Visual Studio Solution File, Format Version 12.00
# Visual Studio Version 16
VisualStudioVersion = 16.0.30011.22
MinimumVisualStudioVersion = 10.0.40219.1
Project("{9A19103F-16F7-4668-BE54-9A1E7A4F7556}") = "PPM.Api", "ProcessProductionManagement\PPM.Api.csproj", "{AB9524B7-5251-4D5E-AB2C-3FC4D1D281E8}"
EndProject
Project("{2150E333-8FDC-42A3-9474-1A3956D46DE8}") = "Modules", "Modules", "{B504AE19-20E0-4305-96F2-B56A4C6A1116}"
EndProject
Project("{2150E333-8FDC-42A3-9474-1A3956D46DE8}") = "Administration", "Administration", "{D3E2D2E9-5DA0-4DEF-B409-7B6BF066A281}"
EndProject
Project("{9A19103F-16F7-4668-BE54-9A1E7A4F7556}") = "PPM.Administration.Domain", "PPM.Administration.Domain\PPM.Administration.Domain.csproj", "{D0B4D687-A3B8-48AA-971E-3F180486541D}"
EndProject
Project("{2150E333-8FDC-42A3-9474-1A3956D46DE8}") = "BuildingBlocks", "BuildingBlocks", "{2AFC4DF4-E6C2-4253-9F82-FA526FF6019D}"
EndProject
Project("{9A19103F-16F7-4668-BE54-9A1E7A4F7556}") = "PPM.Domain", "PPM.Domain\PPM.Domain.csproj", "{F8E8A800-F8C3-4EEC-8D95-4E510881CC14}"
EndProject
Project("{2150E333-8FDC-42A3-9474-1A3956D46DE8}") = "Locations", "Locations", "{908AAF18-A119-4940-857C-7A0B6CCF8C0D}"
EndProject
Project("{9A19103F-16F7-4668-BE54-9A1E7A4F7556}") = "PPM.Locations.Domain", "PPM.Locations.Domain\PPM.Locations.Domain.csproj", "{79F69390-5924-4C2C-AEC8-0128BEEB1BED}"
EndProject
Project("{2150E333-8FDC-42A3-9474-1A3956D46DE8}") = "UsersAccess", "UsersAccess", "{095D914F-1A83-4AF9-AF7C-D5C49128D87A}"
EndProject
Project("{2150E333-8FDC-42A3-9474-1A3956D46DE8}") = "Orders", "Orders", "{4C2E0FEC-ED06-4380-A360-5F9AE0C87D2D}"
EndProject
Project("{9A19103F-16F7-4668-BE54-9A1E7A4F7556}") = "PPM.Orders.Domain", "PPM.Orders.Domain\PPM.Orders.Domain.csproj", "{280B8911-AF84-40EB-A3A3-8AD8C4DF50F1}"
EndProject
Project("{9A19103F-16F7-4668-BE54-9A1E7A4F7556}") = "PPM.Locations.Application", "PPM.Locations.Application\PPM.Locations.Application.csproj", "{4BDD1A2B-FA49-4EBB-B708-4966351758C6}"
EndProject
Project("{2150E333-8FDC-42A3-9474-1A3956D46DE8}") = "Common", "Common", "{73BC31DE-AA84-40B3-AEBA-7BABD2E66D6B}"
EndProject
Project("{9A19103F-16F7-4668-BE54-9A1E7A4F7556}") = "PPM.Locations.Infrastructure", "PPM.Locations.Infrastructure\PPM.Locations.Infrastructure.csproj", "{FD07F693-6872-4209-ADC7-240B2B1F5444}"
EndProject
Project("{9A19103F-16F7-4668-BE54-9A1E7A4F7556}") = "PPM.Infrastructure", "PPM.Infrastructure\PPM.Infrastructure.csproj", "{57C50978-F42E-4CA7-B7AC-FFC3D45427D6}"
EndProject
Project("{9A19103F-16F7-4668-BE54-9A1E7A4F7556}") = "PPM.Administration.DomainTests", "PPM.Administration.DomainTests\PPM.Administration.DomainTests.csproj", "{02343596-F3EC-4CFD-9F0D-DE77748D416C}"
EndProject
Project("{9A19103F-16F7-4668-BE54-9A1E7A4F7556}") = "PPM.Administration.Infrastucture", "PPM.Administration.Infrastucture\PPM.Administration.Infrastucture.csproj", "{90C32A2E-A84A-4067-B013-261851E4BEAA}"
EndProject
Project("{9A19103F-16F7-4668-BE54-9A1E7A4F7556}") = "PPM.Administration.Application", "PPM.Administration.Application\PPM.Administration.Application.csproj", "{703CE697-6351-48AF-89C7-0FF2B259855F}"
EndProject
Project("{FAE04EC0-301F-11D3-BF4B-00C04F79EFBC}") = "PPM.Application", "PPM.Application\PPM.Application.csproj", "{84BB453F-C5D2-4117-8E19-363F359B9D7A}"
EndProject
Project("{FAE04EC0-301F-11D3-BF4B-00C04F79EFBC}") = "PPM.EventBus", "PPM.EventBus\PPM.EventBus.csproj", "{752FAA46-0D35-4A28-9A03-3266D5C8B3C6}"
EndProject
Project("{FAE04EC0-301F-11D3-BF4B-00C04F79EFBC}") = "PPM.Locations.IntegrationEvents", "PPM.Locations.IntegrationEvents\PPM.Locations.IntegrationEvents.csproj", "{188E92CD-6889-4D79-A966-85F6A10B8417}"
EndProject
Global
	GlobalSection(SolutionConfigurationPlatforms) = preSolution
		Debug|Any CPU = Debug|Any CPU
		Release|Any CPU = Release|Any CPU
	EndGlobalSection
	GlobalSection(ProjectConfigurationPlatforms) = postSolution
		{AB9524B7-5251-4D5E-AB2C-3FC4D1D281E8}.Debug|Any CPU.ActiveCfg = Debug|Any CPU
		{AB9524B7-5251-4D5E-AB2C-3FC4D1D281E8}.Debug|Any CPU.Build.0 = Debug|Any CPU
		{AB9524B7-5251-4D5E-AB2C-3FC4D1D281E8}.Release|Any CPU.ActiveCfg = Release|Any CPU
		{AB9524B7-5251-4D5E-AB2C-3FC4D1D281E8}.Release|Any CPU.Build.0 = Release|Any CPU
		{D0B4D687-A3B8-48AA-971E-3F180486541D}.Debug|Any CPU.ActiveCfg = Debug|Any CPU
		{D0B4D687-A3B8-48AA-971E-3F180486541D}.Debug|Any CPU.Build.0 = Debug|Any CPU
		{D0B4D687-A3B8-48AA-971E-3F180486541D}.Release|Any CPU.ActiveCfg = Release|Any CPU
		{D0B4D687-A3B8-48AA-971E-3F180486541D}.Release|Any CPU.Build.0 = Release|Any CPU
		{F8E8A800-F8C3-4EEC-8D95-4E510881CC14}.Debug|Any CPU.ActiveCfg = Debug|Any CPU
		{F8E8A800-F8C3-4EEC-8D95-4E510881CC14}.Debug|Any CPU.Build.0 = Debug|Any CPU
		{F8E8A800-F8C3-4EEC-8D95-4E510881CC14}.Release|Any CPU.ActiveCfg = Release|Any CPU
		{F8E8A800-F8C3-4EEC-8D95-4E510881CC14}.Release|Any CPU.Build.0 = Release|Any CPU
		{79F69390-5924-4C2C-AEC8-0128BEEB1BED}.Debug|Any CPU.ActiveCfg = Debug|Any CPU
		{79F69390-5924-4C2C-AEC8-0128BEEB1BED}.Debug|Any CPU.Build.0 = Debug|Any CPU
		{79F69390-5924-4C2C-AEC8-0128BEEB1BED}.Release|Any CPU.ActiveCfg = Release|Any CPU
		{79F69390-5924-4C2C-AEC8-0128BEEB1BED}.Release|Any CPU.Build.0 = Release|Any CPU
		{280B8911-AF84-40EB-A3A3-8AD8C4DF50F1}.Debug|Any CPU.ActiveCfg = Debug|Any CPU
		{280B8911-AF84-40EB-A3A3-8AD8C4DF50F1}.Debug|Any CPU.Build.0 = Debug|Any CPU
		{280B8911-AF84-40EB-A3A3-8AD8C4DF50F1}.Release|Any CPU.ActiveCfg = Release|Any CPU
		{280B8911-AF84-40EB-A3A3-8AD8C4DF50F1}.Release|Any CPU.Build.0 = Release|Any CPU
		{4BDD1A2B-FA49-4EBB-B708-4966351758C6}.Debug|Any CPU.ActiveCfg = Debug|Any CPU
		{4BDD1A2B-FA49-4EBB-B708-4966351758C6}.Debug|Any CPU.Build.0 = Debug|Any CPU
		{4BDD1A2B-FA49-4EBB-B708-4966351758C6}.Release|Any CPU.ActiveCfg = Release|Any CPU
		{4BDD1A2B-FA49-4EBB-B708-4966351758C6}.Release|Any CPU.Build.0 = Release|Any CPU
		{FD07F693-6872-4209-ADC7-240B2B1F5444}.Debug|Any CPU.ActiveCfg = Debug|Any CPU
		{FD07F693-6872-4209-ADC7-240B2B1F5444}.Debug|Any CPU.Build.0 = Debug|Any CPU
		{FD07F693-6872-4209-ADC7-240B2B1F5444}.Release|Any CPU.ActiveCfg = Release|Any CPU
		{FD07F693-6872-4209-ADC7-240B2B1F5444}.Release|Any CPU.Build.0 = Release|Any CPU
		{57C50978-F42E-4CA7-B7AC-FFC3D45427D6}.Debug|Any CPU.ActiveCfg = Debug|Any CPU
		{57C50978-F42E-4CA7-B7AC-FFC3D45427D6}.Debug|Any CPU.Build.0 = Debug|Any CPU
		{57C50978-F42E-4CA7-B7AC-FFC3D45427D6}.Release|Any CPU.ActiveCfg = Release|Any CPU
		{57C50978-F42E-4CA7-B7AC-FFC3D45427D6}.Release|Any CPU.Build.0 = Release|Any CPU
		{02343596-F3EC-4CFD-9F0D-DE77748D416C}.Debug|Any CPU.ActiveCfg = Debug|Any CPU
		{02343596-F3EC-4CFD-9F0D-DE77748D416C}.Debug|Any CPU.Build.0 = Debug|Any CPU
		{02343596-F3EC-4CFD-9F0D-DE77748D416C}.Release|Any CPU.ActiveCfg = Release|Any CPU
		{02343596-F3EC-4CFD-9F0D-DE77748D416C}.Release|Any CPU.Build.0 = Release|Any CPU
		{90C32A2E-A84A-4067-B013-261851E4BEAA}.Debug|Any CPU.ActiveCfg = Debug|Any CPU
		{90C32A2E-A84A-4067-B013-261851E4BEAA}.Debug|Any CPU.Build.0 = Debug|Any CPU
		{90C32A2E-A84A-4067-B013-261851E4BEAA}.Release|Any CPU.ActiveCfg = Release|Any CPU
		{90C32A2E-A84A-4067-B013-261851E4BEAA}.Release|Any CPU.Build.0 = Release|Any CPU
		{703CE697-6351-48AF-89C7-0FF2B259855F}.Debug|Any CPU.ActiveCfg = Debug|Any CPU
		{703CE697-6351-48AF-89C7-0FF2B259855F}.Debug|Any CPU.Build.0 = Debug|Any CPU
		{703CE697-6351-48AF-89C7-0FF2B259855F}.Release|Any CPU.ActiveCfg = Release|Any CPU
		{703CE697-6351-48AF-89C7-0FF2B259855F}.Release|Any CPU.Build.0 = Release|Any CPU
		{84BB453F-C5D2-4117-8E19-363F359B9D7A}.Debug|Any CPU.ActiveCfg = Debug|Any CPU
		{84BB453F-C5D2-4117-8E19-363F359B9D7A}.Debug|Any CPU.Build.0 = Debug|Any CPU
		{84BB453F-C5D2-4117-8E19-363F359B9D7A}.Release|Any CPU.ActiveCfg = Release|Any CPU
		{84BB453F-C5D2-4117-8E19-363F359B9D7A}.Release|Any CPU.Build.0 = Release|Any CPU
		{752FAA46-0D35-4A28-9A03-3266D5C8B3C6}.Debug|Any CPU.ActiveCfg = Debug|Any CPU
		{752FAA46-0D35-4A28-9A03-3266D5C8B3C6}.Debug|Any CPU.Build.0 = Debug|Any CPU
		{752FAA46-0D35-4A28-9A03-3266D5C8B3C6}.Release|Any CPU.ActiveCfg = Release|Any CPU
		{752FAA46-0D35-4A28-9A03-3266D5C8B3C6}.Release|Any CPU.Build.0 = Release|Any CPU
		{188E92CD-6889-4D79-A966-85F6A10B8417}.Debug|Any CPU.ActiveCfg = Debug|Any CPU
		{188E92CD-6889-4D79-A966-85F6A10B8417}.Debug|Any CPU.Build.0 = Debug|Any CPU
		{188E92CD-6889-4D79-A966-85F6A10B8417}.Release|Any CPU.ActiveCfg = Release|Any CPU
		{188E92CD-6889-4D79-A966-85F6A10B8417}.Release|Any CPU.Build.0 = Release|Any CPU
	EndGlobalSection
	GlobalSection(SolutionProperties) = preSolution
		HideSolutionNode = FALSE
	EndGlobalSection
	GlobalSection(NestedProjects) = preSolution
		{D3E2D2E9-5DA0-4DEF-B409-7B6BF066A281} = {B504AE19-20E0-4305-96F2-B56A4C6A1116}
		{D0B4D687-A3B8-48AA-971E-3F180486541D} = {D3E2D2E9-5DA0-4DEF-B409-7B6BF066A281}
		{F8E8A800-F8C3-4EEC-8D95-4E510881CC14} = {2AFC4DF4-E6C2-4253-9F82-FA526FF6019D}
		{908AAF18-A119-4940-857C-7A0B6CCF8C0D} = {B504AE19-20E0-4305-96F2-B56A4C6A1116}
		{79F69390-5924-4C2C-AEC8-0128BEEB1BED} = {908AAF18-A119-4940-857C-7A0B6CCF8C0D}
		{095D914F-1A83-4AF9-AF7C-D5C49128D87A} = {B504AE19-20E0-4305-96F2-B56A4C6A1116}
		{4C2E0FEC-ED06-4380-A360-5F9AE0C87D2D} = {B504AE19-20E0-4305-96F2-B56A4C6A1116}
		{280B8911-AF84-40EB-A3A3-8AD8C4DF50F1} = {4C2E0FEC-ED06-4380-A360-5F9AE0C87D2D}
		{4BDD1A2B-FA49-4EBB-B708-4966351758C6} = {908AAF18-A119-4940-857C-7A0B6CCF8C0D}
		{FD07F693-6872-4209-ADC7-240B2B1F5444} = {908AAF18-A119-4940-857C-7A0B6CCF8C0D}
		{57C50978-F42E-4CA7-B7AC-FFC3D45427D6} = {2AFC4DF4-E6C2-4253-9F82-FA526FF6019D}
		{02343596-F3EC-4CFD-9F0D-DE77748D416C} = {D3E2D2E9-5DA0-4DEF-B409-7B6BF066A281}
		{90C32A2E-A84A-4067-B013-261851E4BEAA} = {D3E2D2E9-5DA0-4DEF-B409-7B6BF066A281}
		{703CE697-6351-48AF-89C7-0FF2B259855F} = {D3E2D2E9-5DA0-4DEF-B409-7B6BF066A281}
		{84BB453F-C5D2-4117-8E19-363F359B9D7A} = {2AFC4DF4-E6C2-4253-9F82-FA526FF6019D}
		{752FAA46-0D35-4A28-9A03-3266D5C8B3C6} = {2AFC4DF4-E6C2-4253-9F82-FA526FF6019D}
		{188E92CD-6889-4D79-A966-85F6A10B8417} = {908AAF18-A119-4940-857C-7A0B6CCF8C0D}
	EndGlobalSection
	GlobalSection(ExtensibilityGlobals) = postSolution
		SolutionGuid = {02A8F915-AC71-4E59-939A-E351427B96E3}
	EndGlobalSection
EndGlobal
